
Microsoft Visual Studio Solution File, Format Version 12.00
# Visual Studio Version 17
VisualStudioVersion = 17.14.37012.4 d17.14
MinimumVisualStudioVersion = 10.0.40219.1
Project("{FAE04EC0-301F-11D3-BF4B-00C04F79EFBC}") = "FastaAnalyzer", "FastaAnalyzer\FastaAnalyzer.csproj", "{C3E5FB41-19F8-499E-A7CE-FEA45097D958}"
EndProject
Global
	GlobalSection(SolutionConfigurationPlatforms) = preSolution
		Debug|Any CPU = Debug|Any CPU
		Release|Any CPU = Release|Any CPU
	EndGlobalSection
	GlobalSection(ProjectConfigurationPlatforms) = postSolution
		{C3E5FB41-19F8-499E-A7CE-FEA45097D958}.Debug|Any CPU.ActiveCfg = Debug|Any CPU
		{C3E5FB41-19F8-499E-A7CE-FEA45097D958}.Debug|Any CPU.Build.0 = Debug|Any CPU
		{C3E5FB41-19F8-499E-A7CE-FEA45097D958}.Release|Any CPU.ActiveCfg = Release|Any CPU
		{C3E5FB41-19F8-499E-A7CE-FEA45097D958}.Release|Any CPU.Build.0 = Release|Any CPU
	EndGlobalSection
	GlobalSection(SolutionProperties) = preSolution
		HideSolutionNode = FALSE
	EndGlobalSection
	GlobalSection(ExtensibilityGlobals) = postSolution
		SolutionGuid = {1535813A-2B14-4DED-9072-D54E28BC8490}
	EndGlobalSection
EndGlobal
